// !$*UTF8*$!
{
	archiveVersion = 1;
	classes = {
	};
	objectVersion = 46;
	objects = {

/* Begin PBXBuildFile section */
		DF0F1FDE195F567A003B15A3 /* SearchResultsViewController.m in Sources */ = {isa = PBXBuildFile; fileRef = DF0F1FDD195F567A003B15A3 /* SearchResultsViewController.m */; };
		DF5D6068192325450022C498 /* Foundation.framework in Frameworks */ = {isa = PBXBuildFile; fileRef = DF5D6067192325450022C498 /* Foundation.framework */; };
		DF5D606A192325450022C498 /* CoreGraphics.framework in Frameworks */ = {isa = PBXBuildFile; fileRef = DF5D6069192325450022C498 /* CoreGraphics.framework */; };
		DF5D606C192325450022C498 /* UIKit.framework in Frameworks */ = {isa = PBXBuildFile; fileRef = DF5D606B192325450022C498 /* UIKit.framework */; };
		DF5D6072192325450022C498 /* InfoPlist.strings in Resources */ = {isa = PBXBuildFile; fileRef = DF5D6070192325450022C498 /* InfoPlist.strings */; };
		DF5D6074192325450022C498 /* main.m in Sources */ = {isa = PBXBuildFile; fileRef = DF5D6073192325450022C498 /* main.m */; };
		DF5D6078192325450022C498 /* AppDelegate.m in Sources */ = {isa = PBXBuildFile; fileRef = DF5D6077192325450022C498 /* AppDelegate.m */; };
		DF5D607B192325450022C498 /* Main.storyboard in Resources */ = {isa = PBXBuildFile; fileRef = DF5D6079192325450022C498 /* Main.storyboard */; };
		DF5D6080192325450022C498 /* Images.xcassets in Resources */ = {isa = PBXBuildFile; fileRef = DF5D607F192325450022C498 /* Images.xcassets */; };
		DF5D6087192325450022C498 /* XCTest.framework in Frameworks */ = {isa = PBXBuildFile; fileRef = DF5D6086192325450022C498 /* XCTest.framework */; };
		DF5D6088192325450022C498 /* Foundation.framework in Frameworks */ = {isa = PBXBuildFile; fileRef = DF5D6067192325450022C498 /* Foundation.framework */; };
		DF5D6089192325450022C498 /* UIKit.framework in Frameworks */ = {isa = PBXBuildFile; fileRef = DF5D606B192325450022C498 /* UIKit.framework */; };
		DF5D6091192325450022C498 /* InfoPlist.strings in Resources */ = {isa = PBXBuildFile; fileRef = DF5D608F192325450022C498 /* InfoPlist.strings */; };
		DF5D6093192325450022C498 /* LogInTutorialTests.m in Sources */ = {isa = PBXBuildFile; fileRef = DF5D6092192325450022C498 /* LogInTutorialTests.m */; };
		DF5D609D192325BE0022C498 /* Parse.framework in Frameworks */ = {isa = PBXBuildFile; fileRef = DF5D609C192325BE0022C498 /* Parse.framework */; };
		DF5D609F1923260E0022C498 /* AudioToolbox.framework in Frameworks */ = {isa = PBXBuildFile; fileRef = DF5D609E1923260E0022C498 /* AudioToolbox.framework */; };
		DF5D60A1192326180022C498 /* CFNetwork.framework in Frameworks */ = {isa = PBXBuildFile; fileRef = DF5D60A0192326180022C498 /* CFNetwork.framework */; };
		DF5D60A3192326230022C498 /* CoreLocation.framework in Frameworks */ = {isa = PBXBuildFile; fileRef = DF5D60A2192326230022C498 /* CoreLocation.framework */; };
		DF5D60A5192326320022C498 /* libz.dylib in Frameworks */ = {isa = PBXBuildFile; fileRef = DF5D60A4192326320022C498 /* libz.dylib */; };
		DF5D60A71923263C0022C498 /* MobileCoreServices.framework in Frameworks */ = {isa = PBXBuildFile; fileRef = DF5D60A61923263C0022C498 /* MobileCoreServices.framework */; };
		DF5D60A9192326490022C498 /* QuartzCore.framework in Frameworks */ = {isa = PBXBuildFile; fileRef = DF5D60A8192326490022C498 /* QuartzCore.framework */; };
		DF5D60AB192326540022C498 /* Security.framework in Frameworks */ = {isa = PBXBuildFile; fileRef = DF5D60AA192326540022C498 /* Security.framework */; };
		DF5D60AD192326660022C498 /* StoreKit.framework in Frameworks */ = {isa = PBXBuildFile; fileRef = DF5D60AC192326660022C498 /* StoreKit.framework */; };
		DF5D60AF192326720022C498 /* SystemConfiguration.framework in Frameworks */ = {isa = PBXBuildFile; fileRef = DF5D60AE192326720022C498 /* SystemConfiguration.framework */; };
		DF5D60B5192328EF0022C498 /* LogInViewController.m in Sources */ = {isa = PBXBuildFile; fileRef = DF5D60B4192328EF0022C498 /* LogInViewController.m */; };
		DF5D60B819232B4D0022C498 /* FacebookSDK.framework in Frameworks */ = {isa = PBXBuildFile; fileRef = DF5D60B719232B4D0022C498 /* FacebookSDK.framework */; };
		DF5D60BA19232B850022C498 /* FBUserSettingsViewResources.bundle in Resources */ = {isa = PBXBuildFile; fileRef = DF5D60B919232B850022C498 /* FBUserSettingsViewResources.bundle */; };
		DF5D60BC19232BB00022C498 /* AdSupport.framework in Frameworks */ = {isa = PBXBuildFile; fileRef = DF5D60BB19232BB00022C498 /* AdSupport.framework */; };
		DF5D60BE19232BBA0022C498 /* Accounts.framework in Frameworks */ = {isa = PBXBuildFile; fileRef = DF5D60BD19232BBA0022C498 /* Accounts.framework */; };
		DF5D60C019232BC60022C498 /* libsqlite3.dylib in Frameworks */ = {isa = PBXBuildFile; fileRef = DF5D60BF19232BC60022C498 /* libsqlite3.dylib */; };
		DF5D60C219232BD40022C498 /* Social.framework in Frameworks */ = {isa = PBXBuildFile; fileRef = DF5D60C119232BD40022C498 /* Social.framework */; };
		DFFFF526195C9D060002A215 /* RootViewController.m in Sources */ = {isa = PBXBuildFile; fileRef = DFFFF525195C9D060002A215 /* RootViewController.m */; };
		DFFFF529195CA07B0002A215 /* TagsViewController.m in Sources */ = {isa = PBXBuildFile; fileRef = DFFFF528195CA07B0002A215 /* TagsViewController.m */; };
		DFFFF52C195CA0A30002A215 /* TagsCollectionViewCell.m in Sources */ = {isa = PBXBuildFile; fileRef = DFFFF52B195CA0A30002A215 /* TagsCollectionViewCell.m */; };
		DFFFF57F195E02D80002A215 /* ProfileViewController.m in Sources */ = {isa = PBXBuildFile; fileRef = DFFFF57E195E02D80002A215 /* ProfileViewController.m */; };
		DFFFF581195E3ABD0002A215 /* MapKit.framework in Frameworks */ = {isa = PBXBuildFile; fileRef = DFFFF580195E3ABD0002A215 /* MapKit.framework */; };
		DFFFF583195E3ACD0002A215 /* AddressBook.framework in Frameworks */ = {isa = PBXBuildFile; fileRef = DFFFF582195E3ACD0002A215 /* AddressBook.framework */; };
/* End PBXBuildFile section */

/* Begin PBXContainerItemProxy section */
		DF5D608A192325450022C498 /* PBXContainerItemProxy */ = {
			isa = PBXContainerItemProxy;
			containerPortal = DF5D605C192325450022C498 /* Project object */;
			proxyType = 1;
			remoteGlobalIDString = DF5D6063192325450022C498;
			remoteInfo = LogInTutorial;
		};
/* End PBXContainerItemProxy section */

/* Begin PBXFileReference section */
		DF0F1FDC195F567A003B15A3 /* SearchResultsViewController.h */ = {isa = PBXFileReference; fileEncoding = 4; lastKnownFileType = sourcecode.c.h; path = SearchResultsViewController.h; sourceTree = "<group>"; };
		DF0F1FDD195F567A003B15A3 /* SearchResultsViewController.m */ = {isa = PBXFileReference; fileEncoding = 4; lastKnownFileType = sourcecode.c.objc; path = SearchResultsViewController.m; sourceTree = "<group>"; };
		DF5D6064192325450022C498 /* LIT.app */ = {isa = PBXFileReference; explicitFileType = wrapper.application; includeInIndex = 0; path = LIT.app; sourceTree = BUILT_PRODUCTS_DIR; };
		DF5D6067192325450022C498 /* Foundation.framework */ = {isa = PBXFileReference; lastKnownFileType = wrapper.framework; name = Foundation.framework; path = System/Library/Frameworks/Foundation.framework; sourceTree = SDKROOT; };
		DF5D6069192325450022C498 /* CoreGraphics.framework */ = {isa = PBXFileReference; lastKnownFileType = wrapper.framework; name = CoreGraphics.framework; path = System/Library/Frameworks/CoreGraphics.framework; sourceTree = SDKROOT; };
		DF5D606B192325450022C498 /* UIKit.framework */ = {isa = PBXFileReference; lastKnownFileType = wrapper.framework; name = UIKit.framework; path = System/Library/Frameworks/UIKit.framework; sourceTree = SDKROOT; };
		DF5D606F192325450022C498 /* LIT-Info.plist */ = {isa = PBXFileReference; lastKnownFileType = text.plist.xml; path = "LIT-Info.plist"; sourceTree = "<group>"; };
		DF5D6071192325450022C498 /* en */ = {isa = PBXFileReference; lastKnownFileType = text.plist.strings; name = en; path = en.lproj/InfoPlist.strings; sourceTree = "<group>"; };
		DF5D6073192325450022C498 /* main.m */ = {isa = PBXFileReference; lastKnownFileType = sourcecode.c.objc; path = main.m; sourceTree = "<group>"; };
		DF5D6075192325450022C498 /* LIT-Prefix.pch */ = {isa = PBXFileReference; lastKnownFileType = sourcecode.c.h; path = "LIT-Prefix.pch"; sourceTree = "<group>"; };
		DF5D6076192325450022C498 /* AppDelegate.h */ = {isa = PBXFileReference; lastKnownFileType = sourcecode.c.h; path = AppDelegate.h; sourceTree = "<group>"; };
		DF5D6077192325450022C498 /* AppDelegate.m */ = {isa = PBXFileReference; lastKnownFileType = sourcecode.c.objc; path = AppDelegate.m; sourceTree = "<group>"; };
		DF5D607A192325450022C498 /* Base */ = {isa = PBXFileReference; lastKnownFileType = file.storyboard; name = Base; path = Base.lproj/Main.storyboard; sourceTree = "<group>"; };
		DF5D607F192325450022C498 /* Images.xcassets */ = {isa = PBXFileReference; lastKnownFileType = folder.assetcatalog; path = Images.xcassets; sourceTree = "<group>"; };
		DF5D6085192325450022C498 /* LITTests.xctest */ = {isa = PBXFileReference; explicitFileType = wrapper.cfbundle; includeInIndex = 0; path = LITTests.xctest; sourceTree = BUILT_PRODUCTS_DIR; };
		DF5D6086192325450022C498 /* XCTest.framework */ = {isa = PBXFileReference; lastKnownFileType = wrapper.framework; name = XCTest.framework; path = Library/Frameworks/XCTest.framework; sourceTree = DEVELOPER_DIR; };
		DF5D608E192325450022C498 /* LITTests-Info.plist */ = {isa = PBXFileReference; lastKnownFileType = text.plist.xml; path = "LITTests-Info.plist"; sourceTree = "<group>"; };
		DF5D6090192325450022C498 /* en */ = {isa = PBXFileReference; lastKnownFileType = text.plist.strings; name = en; path = en.lproj/InfoPlist.strings; sourceTree = "<group>"; };
		DF5D6092192325450022C498 /* LogInTutorialTests.m */ = {isa = PBXFileReference; lastKnownFileType = sourcecode.c.objc; path = LogInTutorialTests.m; sourceTree = "<group>"; };
		DF5D609C192325BE0022C498 /* Parse.framework */ = {isa = PBXFileReference; lastKnownFileType = wrapper.framework; path = Parse.framework; sourceTree = "<group>"; };
		DF5D609E1923260E0022C498 /* AudioToolbox.framework */ = {isa = PBXFileReference; lastKnownFileType = wrapper.framework; name = AudioToolbox.framework; path = System/Library/Frameworks/AudioToolbox.framework; sourceTree = SDKROOT; };
		DF5D60A0192326180022C498 /* CFNetwork.framework */ = {isa = PBXFileReference; lastKnownFileType = wrapper.framework; name = CFNetwork.framework; path = System/Library/Frameworks/CFNetwork.framework; sourceTree = SDKROOT; };
		DF5D60A2192326230022C498 /* CoreLocation.framework */ = {isa = PBXFileReference; lastKnownFileType = wrapper.framework; name = CoreLocation.framework; path = System/Library/Frameworks/CoreLocation.framework; sourceTree = SDKROOT; };
		DF5D60A4192326320022C498 /* libz.dylib */ = {isa = PBXFileReference; lastKnownFileType = "compiled.mach-o.dylib"; name = libz.dylib; path = usr/lib/libz.dylib; sourceTree = SDKROOT; };
		DF5D60A61923263C0022C498 /* MobileCoreServices.framework */ = {isa = PBXFileReference; lastKnownFileType = wrapper.framework; name = MobileCoreServices.framework; path = System/Library/Frameworks/MobileCoreServices.framework; sourceTree = SDKROOT; };
		DF5D60A8192326490022C498 /* QuartzCore.framework */ = {isa = PBXFileReference; lastKnownFileType = wrapper.framework; name = QuartzCore.framework; path = System/Library/Frameworks/QuartzCore.framework; sourceTree = SDKROOT; };
		DF5D60AA192326540022C498 /* Security.framework */ = {isa = PBXFileReference; lastKnownFileType = wrapper.framework; name = Security.framework; path = System/Library/Frameworks/Security.framework; sourceTree = SDKROOT; };
		DF5D60AC192326660022C498 /* StoreKit.framework */ = {isa = PBXFileReference; lastKnownFileType = wrapper.framework; name = StoreKit.framework; path = System/Library/Frameworks/StoreKit.framework; sourceTree = SDKROOT; };
		DF5D60AE192326720022C498 /* SystemConfiguration.framework */ = {isa = PBXFileReference; lastKnownFileType = wrapper.framework; name = SystemConfiguration.framework; path = System/Library/Frameworks/SystemConfiguration.framework; sourceTree = SDKROOT; };
		DF5D60B3192328EF0022C498 /* LogInViewController.h */ = {isa = PBXFileReference; fileEncoding = 4; lastKnownFileType = sourcecode.c.h; path = LogInViewController.h; sourceTree = "<group>"; };
		DF5D60B4192328EF0022C498 /* LogInViewController.m */ = {isa = PBXFileReference; fileEncoding = 4; lastKnownFileType = sourcecode.c.objc; path = LogInViewController.m; sourceTree = "<group>"; };
		DF5D60B719232B4D0022C498 /* FacebookSDK.framework */ = {isa = PBXFileReference; lastKnownFileType = wrapper.framework; path = FacebookSDK.framework; sourceTree = "<group>"; };
		DF5D60B919232B850022C498 /* FBUserSettingsViewResources.bundle */ = {isa = PBXFileReference; lastKnownFileType = "wrapper.plug-in"; path = FBUserSettingsViewResources.bundle; sourceTree = "<group>"; };
		DF5D60BB19232BB00022C498 /* AdSupport.framework */ = {isa = PBXFileReference; lastKnownFileType = wrapper.framework; name = AdSupport.framework; path = System/Library/Frameworks/AdSupport.framework; sourceTree = SDKROOT; };
		DF5D60BD19232BBA0022C498 /* Accounts.framework */ = {isa = PBXFileReference; lastKnownFileType = wrapper.framework; name = Accounts.framework; path = System/Library/Frameworks/Accounts.framework; sourceTree = SDKROOT; };
		DF5D60BF19232BC60022C498 /* libsqlite3.dylib */ = {isa = PBXFileReference; lastKnownFileType = "compiled.mach-o.dylib"; name = libsqlite3.dylib; path = usr/lib/libsqlite3.dylib; sourceTree = SDKROOT; };
		DF5D60C119232BD40022C498 /* Social.framework */ = {isa = PBXFileReference; lastKnownFileType = wrapper.framework; name = Social.framework; path = System/Library/Frameworks/Social.framework; sourceTree = SDKROOT; };
		DFFFF524195C9D060002A215 /* RootViewController.h */ = {isa = PBXFileReference; fileEncoding = 4; lastKnownFileType = sourcecode.c.h; path = RootViewController.h; sourceTree = "<group>"; };
		DFFFF525195C9D060002A215 /* RootViewController.m */ = {isa = PBXFileReference; fileEncoding = 4; lastKnownFileType = sourcecode.c.objc; path = RootViewController.m; sourceTree = "<group>"; };
		DFFFF527195CA07B0002A215 /* TagsViewController.h */ = {isa = PBXFileReference; fileEncoding = 4; lastKnownFileType = sourcecode.c.h; path = TagsViewController.h; sourceTree = "<group>"; };
		DFFFF528195CA07B0002A215 /* TagsViewController.m */ = {isa = PBXFileReference; fileEncoding = 4; lastKnownFileType = sourcecode.c.objc; path = TagsViewController.m; sourceTree = "<group>"; };
		DFFFF52A195CA0A30002A215 /* TagsCollectionViewCell.h */ = {isa = PBXFileReference; fileEncoding = 4; lastKnownFileType = sourcecode.c.h; path = TagsCollectionViewCell.h; sourceTree = "<group>"; };
		DFFFF52B195CA0A30002A215 /* TagsCollectionViewCell.m */ = {isa = PBXFileReference; fileEncoding = 4; lastKnownFileType = sourcecode.c.objc; path = TagsCollectionViewCell.m; sourceTree = "<group>"; };
		DFFFF57D195E02D80002A215 /* ProfileViewController.h */ = {isa = PBXFileReference; fileEncoding = 4; lastKnownFileType = sourcecode.c.h; path = ProfileViewController.h; sourceTree = "<group>"; };
		DFFFF57E195E02D80002A215 /* ProfileViewController.m */ = {isa = PBXFileReference; fileEncoding = 4; lastKnownFileType = sourcecode.c.objc; path = ProfileViewController.m; sourceTree = "<group>"; };
		DFFFF580195E3ABD0002A215 /* MapKit.framework */ = {isa = PBXFileReference; lastKnownFileType = wrapper.framework; name = MapKit.framework; path = System/Library/Frameworks/MapKit.framework; sourceTree = SDKROOT; };
		DFFFF582195E3ACD0002A215 /* AddressBook.framework */ = {isa = PBXFileReference; lastKnownFileType = wrapper.framework; name = AddressBook.framework; path = System/Library/Frameworks/AddressBook.framework; sourceTree = SDKROOT; };
/* End PBXFileReference section */

/* Begin PBXFrameworksBuildPhase section */
		DF5D6061192325450022C498 /* Frameworks */ = {
			isa = PBXFrameworksBuildPhase;
			buildActionMask = 2147483647;
			files = (
				DFFFF583195E3ACD0002A215 /* AddressBook.framework in Frameworks */,
				DFFFF581195E3ABD0002A215 /* MapKit.framework in Frameworks */,
				DF5D60C219232BD40022C498 /* Social.framework in Frameworks */,
				DF5D60C019232BC60022C498 /* libsqlite3.dylib in Frameworks */,
				DF5D60BE19232BBA0022C498 /* Accounts.framework in Frameworks */,
				DF5D60BC19232BB00022C498 /* AdSupport.framework in Frameworks */,
				DF5D60AF192326720022C498 /* SystemConfiguration.framework in Frameworks */,
				DF5D60AD192326660022C498 /* StoreKit.framework in Frameworks */,
				DF5D60AB192326540022C498 /* Security.framework in Frameworks */,
				DF5D60A9192326490022C498 /* QuartzCore.framework in Frameworks */,
				DF5D60A71923263C0022C498 /* MobileCoreServices.framework in Frameworks */,
				DF5D60A5192326320022C498 /* libz.dylib in Frameworks */,
				DF5D60A3192326230022C498 /* CoreLocation.framework in Frameworks */,
				DF5D60A1192326180022C498 /* CFNetwork.framework in Frameworks */,
				DF5D609F1923260E0022C498 /* AudioToolbox.framework in Frameworks */,
				DF5D606A192325450022C498 /* CoreGraphics.framework in Frameworks */,
				DF5D606C192325450022C498 /* UIKit.framework in Frameworks */,
				DF5D609D192325BE0022C498 /* Parse.framework in Frameworks */,
				DF5D6068192325450022C498 /* Foundation.framework in Frameworks */,
				DF5D60B819232B4D0022C498 /* FacebookSDK.framework in Frameworks */,
			);
			runOnlyForDeploymentPostprocessing = 0;
		};
		DF5D6082192325450022C498 /* Frameworks */ = {
			isa = PBXFrameworksBuildPhase;
			buildActionMask = 2147483647;
			files = (
				DF5D6087192325450022C498 /* XCTest.framework in Frameworks */,
				DF5D6089192325450022C498 /* UIKit.framework in Frameworks */,
				DF5D6088192325450022C498 /* Foundation.framework in Frameworks */,
			);
			runOnlyForDeploymentPostprocessing = 0;
		};
/* End PBXFrameworksBuildPhase section */

/* Begin PBXGroup section */
		DF5D605B192325450022C498 = {
			isa = PBXGroup;
			children = (
				DF5D606D192325450022C498 /* LIT */,
				DF5D608C192325450022C498 /* LITTests */,
				DF5D6066192325450022C498 /* Frameworks */,
				DF5D6065192325450022C498 /* Products */,
			);
			sourceTree = "<group>";
		};
		DF5D6065192325450022C498 /* Products */ = {
			isa = PBXGroup;
			children = (
				DF5D6064192325450022C498 /* LIT.app */,
				DF5D6085192325450022C498 /* LITTests.xctest */,
			);
			name = Products;
			sourceTree = "<group>";
		};
		DF5D6066192325450022C498 /* Frameworks */ = {
			isa = PBXGroup;
			children = (
				DFFFF582195E3ACD0002A215 /* AddressBook.framework */,
				DFFFF580195E3ABD0002A215 /* MapKit.framework */,
				DF5D60C119232BD40022C498 /* Social.framework */,
				DF5D60BF19232BC60022C498 /* libsqlite3.dylib */,
				DF5D60BD19232BBA0022C498 /* Accounts.framework */,
				DF5D60BB19232BB00022C498 /* AdSupport.framework */,
				DF5D60B919232B850022C498 /* FBUserSettingsViewResources.bundle */,
				DF5D60B719232B4D0022C498 /* FacebookSDK.framework */,
				DF5D60AE192326720022C498 /* SystemConfiguration.framework */,
				DF5D60AC192326660022C498 /* StoreKit.framework */,
				DF5D60AA192326540022C498 /* Security.framework */,
				DF5D60A8192326490022C498 /* QuartzCore.framework */,
				DF5D60A61923263C0022C498 /* MobileCoreServices.framework */,
				DF5D60A4192326320022C498 /* libz.dylib */,
				DF5D60A2192326230022C498 /* CoreLocation.framework */,
				DF5D60A0192326180022C498 /* CFNetwork.framework */,
				DF5D609E1923260E0022C498 /* AudioToolbox.framework */,
				DF5D609C192325BE0022C498 /* Parse.framework */,
				DF5D6067192325450022C498 /* Foundation.framework */,
				DF5D6069192325450022C498 /* CoreGraphics.framework */,
				DF5D606B192325450022C498 /* UIKit.framework */,
				DF5D6086192325450022C498 /* XCTest.framework */,
			);
			name = Frameworks;
			sourceTree = "<group>";
		};
		DF5D606D192325450022C498 /* LIT */ = {
			isa = PBXGroup;
			children = (
				DF5D6076192325450022C498 /* AppDelegate.h */,
				DF5D6077192325450022C498 /* AppDelegate.m */,
				DFFFF524195C9D060002A215 /* RootViewController.h */,
				DFFFF525195C9D060002A215 /* RootViewController.m */,
				DF5D60B3192328EF0022C498 /* LogInViewController.h */,
				DF5D60B4192328EF0022C498 /* LogInViewController.m */,
				DFFFF527195CA07B0002A215 /* TagsViewController.h */,
				DFFFF528195CA07B0002A215 /* TagsViewController.m */,
				DF0F1FDC195F567A003B15A3 /* SearchResultsViewController.h */,
				DF0F1FDD195F567A003B15A3 /* SearchResultsViewController.m */,
				DFFFF57D195E02D80002A215 /* ProfileViewController.h */,
				DFFFF57E195E02D80002A215 /* ProfileViewController.m */,
				DF5D6079192325450022C498 /* Main.storyboard */,
				DF5D607F192325450022C498 /* Images.xcassets */,
				DFFFF52A195CA0A30002A215 /* TagsCollectionViewCell.h */,
				DFFFF52B195CA0A30002A215 /* TagsCollectionViewCell.m */,
				DF5D606E192325450022C498 /* Supporting Files */,
			);
			name = LIT;
			path = LogInTutorial;
			sourceTree = "<group>";
		};
		DF5D606E192325450022C498 /* Supporting Files */ = {
			isa = PBXGroup;
			children = (
				DF5D606F192325450022C498 /* LIT-Info.plist */,
				DF5D6070192325450022C498 /* InfoPlist.strings */,
				DF5D6073192325450022C498 /* main.m */,
				DF5D6075192325450022C498 /* LIT-Prefix.pch */,
			);
			name = "Supporting Files";
			sourceTree = "<group>";
		};
		DF5D608C192325450022C498 /* LITTests */ = {
			isa = PBXGroup;
			children = (
				DF5D6092192325450022C498 /* LogInTutorialTests.m */,
				DF5D608D192325450022C498 /* Supporting Files */,
			);
			name = LITTests;
			path = LogInTutorialTests;
			sourceTree = "<group>";
		};
		DF5D608D192325450022C498 /* Supporting Files */ = {
			isa = PBXGroup;
			children = (
				DF5D608E192325450022C498 /* LITTests-Info.plist */,
				DF5D608F192325450022C498 /* InfoPlist.strings */,
			);
			name = "Supporting Files";
			sourceTree = "<group>";
		};
/* End PBXGroup section */

/* Begin PBXNativeTarget section */
		DF5D6063192325450022C498 /* LIT */ = {
			isa = PBXNativeTarget;
			buildConfigurationList = DF5D6096192325450022C498 /* Build configuration list for PBXNativeTarget "LIT" */;
			buildPhases = (
				DF5D6060192325450022C498 /* Sources */,
				DF5D6061192325450022C498 /* Frameworks */,
				DF5D6062192325450022C498 /* Resources */,
			);
			buildRules = (
			);
			dependencies = (
			);
			name = LIT;
			productName = LogInTutorial;
			productReference = DF5D6064192325450022C498 /* LIT.app */;
			productType = "com.apple.product-type.application";
		};
		DF5D6084192325450022C498 /* LITTests */ = {
			isa = PBXNativeTarget;
			buildConfigurationList = DF5D6099192325450022C498 /* Build configuration list for PBXNativeTarget "LITTests" */;
			buildPhases = (
				DF5D6081192325450022C498 /* Sources */,
				DF5D6082192325450022C498 /* Frameworks */,
				DF5D6083192325450022C498 /* Resources */,
			);
			buildRules = (
			);
			dependencies = (
				DF5D608B192325450022C498 /* PBXTargetDependency */,
			);
			name = LITTests;
			productName = LogInTutorialTests;
			productReference = DF5D6085192325450022C498 /* LITTests.xctest */;
			productType = "com.apple.product-type.bundle.unit-test";
		};
/* End PBXNativeTarget section */

/* Begin PBXProject section */
		DF5D605C192325450022C498 /* Project object */ = {
			isa = PBXProject;
			attributes = {
				LastUpgradeCheck = 0510;
				ORGANIZATIONNAME = "Christopher Gu";
				TargetAttributes = {
					DF5D6084192325450022C498 = {
						TestTargetID = DF5D6063192325450022C498;
					};
				};
			};
			buildConfigurationList = DF5D605F192325450022C498 /* Build configuration list for PBXProject "LIT" */;
			compatibilityVersion = "Xcode 3.2";
			developmentRegion = English;
			hasScannedForEncodings = 0;
			knownRegions = (
				en,
				Base,
			);
			mainGroup = DF5D605B192325450022C498;
			productRefGroup = DF5D6065192325450022C498 /* Products */;
			projectDirPath = "";
			projectRoot = "";
			targets = (
				DF5D6063192325450022C498 /* LIT */,
				DF5D6084192325450022C498 /* LITTests */,
			);
		};
/* End PBXProject section */

/* Begin PBXResourcesBuildPhase section */
		DF5D6062192325450022C498 /* Resources */ = {
			isa = PBXResourcesBuildPhase;
			buildActionMask = 2147483647;
			files = (
				DF5D60BA19232B850022C498 /* FBUserSettingsViewResources.bundle in Resources */,
				DF5D6080192325450022C498 /* Images.xcassets in Resources */,
				DF5D6072192325450022C498 /* InfoPlist.strings in Resources */,
				DF5D607B192325450022C498 /* Main.storyboard in Resources */,
			);
			runOnlyForDeploymentPostprocessing = 0;
		};
		DF5D6083192325450022C498 /* Resources */ = {
			isa = PBXResourcesBuildPhase;
			buildActionMask = 2147483647;
			files = (
				DF5D6091192325450022C498 /* InfoPlist.strings in Resources */,
			);
			runOnlyForDeploymentPostprocessing = 0;
		};
/* End PBXResourcesBuildPhase section */

/* Begin PBXSourcesBuildPhase section */
		DF5D6060192325450022C498 /* Sources */ = {
			isa = PBXSourcesBuildPhase;
			buildActionMask = 2147483647;
			files = (
				DF5D60B5192328EF0022C498 /* LogInViewController.m in Sources */,
				DFFFF52C195CA0A30002A215 /* TagsCollectionViewCell.m in Sources */,
				DFFFF57F195E02D80002A215 /* ProfileViewController.m in Sources */,
				DF5D6078192325450022C498 /* AppDelegate.m in Sources */,
				DFFFF529195CA07B0002A215 /* TagsViewController.m in Sources */,
				DF5D6074192325450022C498 /* main.m in Sources */,
				DFFFF526195C9D060002A215 /* RootViewController.m in Sources */,
				DF0F1FDE195F567A003B15A3 /* SearchResultsViewController.m in Sources */,
			);
			runOnlyForDeploymentPostprocessing = 0;
		};
		DF5D6081192325450022C498 /* Sources */ = {
			isa = PBXSourcesBuildPhase;
			buildActionMask = 2147483647;
			files = (
				DF5D6093192325450022C498 /* LogInTutorialTests.m in Sources */,
			);
			runOnlyForDeploymentPostprocessing = 0;
		};
/* End PBXSourcesBuildPhase section */

/* Begin PBXTargetDependency section */
		DF5D608B192325450022C498 /* PBXTargetDependency */ = {
			isa = PBXTargetDependency;
			target = DF5D6063192325450022C498 /* LIT */;
			targetProxy = DF5D608A192325450022C498 /* PBXContainerItemProxy */;
		};
/* End PBXTargetDependency section */

/* Begin PBXVariantGroup section */
		DF5D6070192325450022C498 /* InfoPlist.strings */ = {
			isa = PBXVariantGroup;
			children = (
				DF5D6071192325450022C498 /* en */,
			);
			name = InfoPlist.strings;
			sourceTree = "<group>";
		};
		DF5D6079192325450022C498 /* Main.storyboard */ = {
			isa = PBXVariantGroup;
			children = (
				DF5D607A192325450022C498 /* Base */,
			);
			name = Main.storyboard;
			sourceTree = "<group>";
		};
		DF5D608F192325450022C498 /* InfoPlist.strings */ = {
			isa = PBXVariantGroup;
			children = (
				DF5D6090192325450022C498 /* en */,
			);
			name = InfoPlist.strings;
			sourceTree = "<group>";
		};
/* End PBXVariantGroup section */

/* Begin XCBuildConfiguration section */
		DF5D6094192325450022C498 /* Debug */ = {
			isa = XCBuildConfiguration;
			buildSettings = {
				ALWAYS_SEARCH_USER_PATHS = NO;
				CLANG_CXX_LANGUAGE_STANDARD = "gnu++0x";
				CLANG_CXX_LIBRARY = "libc++";
				CLANG_ENABLE_MODULES = YES;
				CLANG_ENABLE_OBJC_ARC = YES;
				CLANG_WARN_BOOL_CONVERSION = YES;
				CLANG_WARN_CONSTANT_CONVERSION = YES;
				CLANG_WARN_DIRECT_OBJC_ISA_USAGE = YES_ERROR;
				CLANG_WARN_EMPTY_BODY = YES;
				CLANG_WARN_ENUM_CONVERSION = YES;
				CLANG_WARN_INT_CONVERSION = YES;
				CLANG_WARN_OBJC_ROOT_CLASS = YES_ERROR;
				CLANG_WARN__DUPLICATE_METHOD_MATCH = YES;
				"CODE_SIGN_IDENTITY[sdk=iphoneos*]" = "iPhone Developer";
				COPY_PHASE_STRIP = NO;
				GCC_C_LANGUAGE_STANDARD = gnu99;
				GCC_DYNAMIC_NO_PIC = NO;
				GCC_OPTIMIZATION_LEVEL = 0;
				GCC_PREPROCESSOR_DEFINITIONS = (
					"DEBUG=1",
					"$(inherited)",
				);
				GCC_SYMBOLS_PRIVATE_EXTERN = NO;
				GCC_WARN_64_TO_32_BIT_CONVERSION = YES;
				GCC_WARN_ABOUT_RETURN_TYPE = YES_ERROR;
				GCC_WARN_UNDECLARED_SELECTOR = YES;
				GCC_WARN_UNINITIALIZED_AUTOS = YES_AGGRESSIVE;
				GCC_WARN_UNUSED_FUNCTION = YES;
				GCC_WARN_UNUSED_VARIABLE = YES;
				IPHONEOS_DEPLOYMENT_TARGET = 7.1;
				ONLY_ACTIVE_ARCH = YES;
				SDKROOT = iphoneos;
			};
			name = Debug;
		};
		DF5D6095192325450022C498 /* Release */ = {
			isa = XCBuildConfiguration;
			buildSettings = {
				ALWAYS_SEARCH_USER_PATHS = NO;
				CLANG_CXX_LANGUAGE_STANDARD = "gnu++0x";
				CLANG_CXX_LIBRARY = "libc++";
				CLANG_ENABLE_MODULES = YES;
				CLANG_ENABLE_OBJC_ARC = YES;
				CLANG_WARN_BOOL_CONVERSION = YES;
				CLANG_WARN_CONSTANT_CONVERSION = YES;
				CLANG_WARN_DIRECT_OBJC_ISA_USAGE = YES_ERROR;
				CLANG_WARN_EMPTY_BODY = YES;
				CLANG_WARN_ENUM_CONVERSION = YES;
				CLANG_WARN_INT_CONVERSION = YES;
				CLANG_WARN_OBJC_ROOT_CLASS = YES_ERROR;
				CLANG_WARN__DUPLICATE_METHOD_MATCH = YES;
				"CODE_SIGN_IDENTITY[sdk=iphoneos*]" = "iPhone Developer";
				COPY_PHASE_STRIP = YES;
				ENABLE_NS_ASSERTIONS = NO;
				GCC_C_LANGUAGE_STANDARD = gnu99;
				GCC_WARN_64_TO_32_BIT_CONVERSION = YES;
				GCC_WARN_ABOUT_RETURN_TYPE = YES_ERROR;
				GCC_WARN_UNDECLARED_SELECTOR = YES;
				GCC_WARN_UNINITIALIZED_AUTOS = YES_AGGRESSIVE;
				GCC_WARN_UNUSED_FUNCTION = YES;
				GCC_WARN_UNUSED_VARIABLE = YES;
				IPHONEOS_DEPLOYMENT_TARGET = 7.1;
				SDKROOT = iphoneos;
				VALIDATE_PRODUCT = YES;
			};
			name = Release;
		};
		DF5D6097192325450022C498 /* Debug */ = {
			isa = XCBuildConfiguration;
			buildSettings = {
				ASSETCATALOG_COMPILER_APPICON_NAME = AppIcon;
				ASSETCATALOG_COMPILER_LAUNCHIMAGE_NAME = LaunchImage;
				FRAMEWORK_SEARCH_PATHS = (
					"$(inherited)",
					"$(PROJECT_DIR)",
				);
				GCC_PRECOMPILE_PREFIX_HEADER = YES;
				GCC_PREFIX_HEADER = "LogInTutorial/LIT-Prefix.pch";
				INFOPLIST_FILE = "LogInTutorial/LIT-Info.plist";
				PRODUCT_NAME = LIT;
				WRAPPER_EXTENSION = app;
			};
			name = Debug;
		};
		DF5D6098192325450022C498 /* Release */ = {
			isa = XCBuildConfiguration;
			buildSettings = {
				ASSETCATALOG_COMPILER_APPICON_NAME = AppIcon;
				ASSETCATALOG_COMPILER_LAUNCHIMAGE_NAME = LaunchImage;
				FRAMEWORK_SEARCH_PATHS = (
					"$(inherited)",
					"$(PROJECT_DIR)",
				);
				GCC_PRECOMPILE_PREFIX_HEADER = YES;
				GCC_PREFIX_HEADER = "LogInTutorial/LIT-Prefix.pch";
				INFOPLIST_FILE = "LogInTutorial/LIT-Info.plist";
				PRODUCT_NAME = LIT;
				WRAPPER_EXTENSION = app;
			};
			name = Release;
		};
		DF5D609A192325450022C498 /* Debug */ = {
			isa = XCBuildConfiguration;
			buildSettings = {
				BUNDLE_LOADER = "$(BUILT_PRODUCTS_DIR)/LogInTutorial.app/LogInTutorial";
				FRAMEWORK_SEARCH_PATHS = (
					"$(SDKROOT)/Developer/Library/Frameworks",
					"$(inherited)",
					"$(DEVELOPER_FRAMEWORKS_DIR)",
				);
				GCC_PRECOMPILE_PREFIX_HEADER = YES;
				GCC_PREFIX_HEADER = "LogInTutorial/LogInTutorial-Prefix.pch";
				GCC_PREPROCESSOR_DEFINITIONS = (
					"DEBUG=1",
					"$(inherited)",
				);
				INFOPLIST_FILE = "LogInTutorialTests/LITTests-Info.plist";
				PRODUCT_NAME = LITTests;
				TEST_HOST = "$(BUNDLE_LOADER)";
				WRAPPER_EXTENSION = xctest;
			};
			name = Debug;
		};
		DF5D609B192325450022C498 /* Release */ = {
			isa = XCBuildConfiguration;
			buildSettings = {
				BUNDLE_LOADER = "$(BUILT_PRODUCTS_DIR)/LogInTutorial.app/LogInTutorial";
				FRAMEWORK_SEARCH_PATHS = (
					"$(SDKROOT)/Developer/Library/Frameworks",
					"$(inherited)",
					"$(DEVELOPER_FRAMEWORKS_DIR)",
				);
				GCC_PRECOMPILE_PREFIX_HEADER = YES;
				GCC_PREFIX_HEADER = "LogInTutorial/LogInTutorial-Prefix.pch";
				INFOPLIST_FILE = "LogInTutorialTests/LITTests-Info.plist";
				PRODUCT_NAME = LITTests;
				TEST_HOST = "$(BUNDLE_LOADER)";
				WRAPPER_EXTENSION = xctest;
			};
			name = Release;
		};
/* End XCBuildConfiguration section */

/* Begin XCConfigurationList section */
		DF5D605F192325450022C498 /* Build configuration list for PBXProject "LIT" */ = {
			isa = XCConfigurationList;
			buildConfigurations = (
				DF5D6094192325450022C498 /* Debug */,
				DF5D6095192325450022C498 /* Release */,
			);
			defaultConfigurationIsVisible = 0;
			defaultConfigurationName = Release;
		};
		DF5D6096192325450022C498 /* Build configuration list for PBXNativeTarget "LIT" */ = {
			isa = XCConfigurationList;
			buildConfigurations = (
				DF5D6097192325450022C498 /* Debug */,
				DF5D6098192325450022C498 /* Release */,
			);
			defaultConfigurationIsVisible = 0;
			defaultConfigurationName = Release;
		};
		DF5D6099192325450022C498 /* Build configuration list for PBXNativeTarget "LITTests" */ = {
			isa = XCConfigurationList;
			buildConfigurations = (
				DF5D609A192325450022C498 /* Debug */,
				DF5D609B192325450022C498 /* Release */,
			);
			defaultConfigurationIsVisible = 0;
			defaultConfigurationName = Release;
		};
/* End XCConfigurationList section */
	};
	rootObject = DF5D605C192325450022C498 /* Project object */;
}
